
Microsoft Visual Studio Solution File, Format Version 12.00
# Visual Studio 14
VisualStudioVersion = 14.0.25420.1
MinimumVisualStudioVersion = 10.0.40219.1
Project("{159641D6-6404-4A2A-AE62-294DE0FE8301}") = "projet_Session_assets_BD4", "projet_Session_assets_BD4\projet_Session_assets_BD4.dtproj", "{28E6550A-ABE5-465A-8889-25975D0649A9}"
EndProject
Global
	GlobalSection(SolutionConfigurationPlatforms) = preSolution
		Development|Default = Development|Default
	EndGlobalSection
	GlobalSection(ProjectConfigurationPlatforms) = postSolution
		{28E6550A-ABE5-465A-8889-25975D0649A9}.Development|Default.ActiveCfg = Development
		{28E6550A-ABE5-465A-8889-25975D0649A9}.Development|Default.Build.0 = Development
	EndGlobalSection
	GlobalSection(SolutionProperties) = preSolution
		HideSolutionNode = FALSE
	EndGlobalSection
EndGlobal
